
Microsoft Visual Studio Solution File, Format Version 12.00
# Visual Studio Version 16
VisualStudioVersion = 16.0.31005.135
MinimumVisualStudioVersion = 10.0.40219.1
Project("{9A19103F-16F7-4668-BE54-9A1E7A4F7556}") = "log4net.ElasticSearchCore", "log4net.ElasticSearchCore\log4net.ElasticSearchCore.csproj", "{1CB1DF1F-5D50-4798-AA26-4D7D662239EF}"
EndProject
Project("{9A19103F-16F7-4668-BE54-9A1E7A4F7556}") = "log4net.ElasticSearchCore.CoreConsoleTest", "log4net.ElasticSearchCore.CoreConsoleTest\log4net.ElasticSearchCore.CoreConsoleTest.csproj", "{C015EE28-99F1-4F23-92F1-97DE2BC3E8B0}"
EndProject
Project("{2150E333-8FDC-42A3-9474-1A3956D46DE8}") = "Others", "Others", "{2CA6F023-FD0C-4ADB-99D6-834875F7B562}"
	ProjectSection(SolutionItems) = preProject
		..\LICENSE = ..\LICENSE
	EndProjectSection
EndProject
Project("{FAE04EC0-301F-11D3-BF4B-00C04F79EFBC}") = "log4net.ElasticSearchCore.Tests", "log4net.ElasticSearchCore.Tests\log4net.ElasticSearchCore.Tests.csproj", "{4F4B4986-6A0A-4BA8-8F02-6B50D3061013}"
EndProject
Global
	GlobalSection(SolutionConfigurationPlatforms) = preSolution
		Debug|Any CPU = Debug|Any CPU
		Release|Any CPU = Release|Any CPU
	EndGlobalSection
	GlobalSection(ProjectConfigurationPlatforms) = postSolution
		{1CB1DF1F-5D50-4798-AA26-4D7D662239EF}.Debug|Any CPU.ActiveCfg = Debug|Any CPU
		{1CB1DF1F-5D50-4798-AA26-4D7D662239EF}.Debug|Any CPU.Build.0 = Debug|Any CPU
		{1CB1DF1F-5D50-4798-AA26-4D7D662239EF}.Release|Any CPU.ActiveCfg = Release|Any CPU
		{1CB1DF1F-5D50-4798-AA26-4D7D662239EF}.Release|Any CPU.Build.0 = Release|Any CPU
		{C015EE28-99F1-4F23-92F1-97DE2BC3E8B0}.Debug|Any CPU.ActiveCfg = Debug|Any CPU
		{C015EE28-99F1-4F23-92F1-97DE2BC3E8B0}.Debug|Any CPU.Build.0 = Debug|Any CPU
		{C015EE28-99F1-4F23-92F1-97DE2BC3E8B0}.Release|Any CPU.ActiveCfg = Release|Any CPU
		{C015EE28-99F1-4F23-92F1-97DE2BC3E8B0}.Release|Any CPU.Build.0 = Release|Any CPU
		{4F4B4986-6A0A-4BA8-8F02-6B50D3061013}.Debug|Any CPU.ActiveCfg = Debug|Any CPU
		{4F4B4986-6A0A-4BA8-8F02-6B50D3061013}.Debug|Any CPU.Build.0 = Debug|Any CPU
		{4F4B4986-6A0A-4BA8-8F02-6B50D3061013}.Release|Any CPU.ActiveCfg = Release|Any CPU
		{4F4B4986-6A0A-4BA8-8F02-6B50D3061013}.Release|Any CPU.Build.0 = Release|Any CPU
	EndGlobalSection
	GlobalSection(SolutionProperties) = preSolution
		HideSolutionNode = FALSE
	EndGlobalSection
	GlobalSection(ExtensibilityGlobals) = postSolution
		SolutionGuid = {1E2624AB-1CB0-49F7-B720-B996D7D783C2}
	EndGlobalSection
EndGlobal
